
Microsoft Visual Studio Solution File, Format Version 12.00
# Visual Studio Version 16
VisualStudioVersion = 16.0.29102.190
MinimumVisualStudioVersion = 10.0.40219.1
Project("{FAE04EC0-301F-11D3-BF4B-00C04F79EFBC}") = "WpfApp_Maps", "WpfApp_Maps\WpfApp_Maps.csproj", "{0B3AA182-A7B2-446D-8F21-CD92F26F4FFF}"
EndProject
Global
	GlobalSection(SolutionConfigurationPlatforms) = preSolution
		Debug|Any CPU = Debug|Any CPU
		Release|Any CPU = Release|Any CPU
	EndGlobalSection
	GlobalSection(ProjectConfigurationPlatforms) = postSolution
		{0B3AA182-A7B2-446D-8F21-CD92F26F4FFF}.Debug|Any CPU.ActiveCfg = Debug|Any CPU
		{0B3AA182-A7B2-446D-8F21-CD92F26F4FFF}.Debug|Any CPU.Build.0 = Debug|Any CPU
		{0B3AA182-A7B2-446D-8F21-CD92F26F4FFF}.Release|Any CPU.ActiveCfg = Release|Any CPU
		{0B3AA182-A7B2-446D-8F21-CD92F26F4FFF}.Release|Any CPU.Build.0 = Release|Any CPU
	EndGlobalSection
	GlobalSection(SolutionProperties) = preSolution
		HideSolutionNode = FALSE
	EndGlobalSection
	GlobalSection(ExtensibilityGlobals) = postSolution
		SolutionGuid = {64BAE1A7-62F9-4EF8-B81E-A570B49901F7}
	EndGlobalSection
EndGlobal
